
Microsoft Visual Studio Solution File, Format Version 12.00
# Visual Studio Version 16
VisualStudioVersion = 16.0.30114.105
MinimumVisualStudioVersion = 10.0.40219.1
Project("{FAE04EC0-301F-11D3-BF4B-00C04F79EFBC}") = "Quanlythuvien", "Quanlythuvien\Quanlythuvien.csproj", "{90265D4A-DAB1-4009-A42A-4A88566CA74E}"
EndProject
Global
	GlobalSection(SolutionConfigurationPlatforms) = preSolution
		Debug|Any CPU = Debug|Any CPU
		Release|Any CPU = Release|Any CPU
	EndGlobalSection
	GlobalSection(ProjectConfigurationPlatforms) = postSolution
		{90265D4A-DAB1-4009-A42A-4A88566CA74E}.Debug|Any CPU.ActiveCfg = Debug|Any CPU
		{90265D4A-DAB1-4009-A42A-4A88566CA74E}.Debug|Any CPU.Build.0 = Debug|Any CPU
		{90265D4A-DAB1-4009-A42A-4A88566CA74E}.Release|Any CPU.ActiveCfg = Release|Any CPU
		{90265D4A-DAB1-4009-A42A-4A88566CA74E}.Release|Any CPU.Build.0 = Release|Any CPU
	EndGlobalSection
	GlobalSection(SolutionProperties) = preSolution
		HideSolutionNode = FALSE
	EndGlobalSection
	GlobalSection(ExtensibilityGlobals) = postSolution
		SolutionGuid = {7D89972C-A044-4A64-9F3A-713DD3AA5F5E}
	EndGlobalSection
EndGlobal
